// !$*UTF8*$!
{
	archiveVersion = 1;
	classes = {
	};
	objectVersion = 51;
	objects = {

/* Begin PBXBuildFile section */
		72DF9D9223BB307400DE9042 /* AppDelegate.swift in Sources */ = {isa = PBXBuildFile; fileRef = 72DF9D9123BB307400DE9042 /* AppDelegate.swift */; };
		72DF9D9423BB307400DE9042 /* SceneDelegate.swift in Sources */ = {isa = PBXBuildFile; fileRef = 72DF9D9323BB307400DE9042 /* SceneDelegate.swift */; };
		72DF9D9623BB307400DE9042 /* ViewController.swift in Sources */ = {isa = PBXBuildFile; fileRef = 72DF9D9523BB307400DE9042 /* ViewController.swift */; };
		72DF9D9923BB307400DE9042 /* Main.storyboard in Resources */ = {isa = PBXBuildFile; fileRef = 72DF9D9723BB307400DE9042 /* Main.storyboard */; };
		72DF9D9B23BB307500DE9042 /* Assets.xcassets in Resources */ = {isa = PBXBuildFile; fileRef = 72DF9D9A23BB307500DE9042 /* Assets.xcassets */; };
		72DF9D9E23BB307500DE9042 /* LaunchScreen.storyboard in Resources */ = {isa = PBXBuildFile; fileRef = 72DF9D9C23BB307500DE9042 /* LaunchScreen.storyboard */; };
		72DF9DA923BB307600DE9042 /* WeatherAppTests.swift in Sources */ = {isa = PBXBuildFile; fileRef = 72DF9DA823BB307600DE9042 /* WeatherAppTests.swift */; };
		72DF9DB823BB51CE00DE9042 /* Weather.swift in Sources */ = {isa = PBXBuildFile; fileRef = 72DF9DB723BB51CE00DE9042 /* Weather.swift */; };
		72DF9DBB23BBF90100DE9042 /* WeatherService.swift in Sources */ = {isa = PBXBuildFile; fileRef = 72DF9DBA23BBF90100DE9042 /* WeatherService.swift */; };
		72DF9DBD23BC596C00DE9042 /* WeatherServiceData.swift in Sources */ = {isa = PBXBuildFile; fileRef = 72DF9DBC23BC596C00DE9042 /* WeatherServiceData.swift */; };
		72DF9DBF23BC5C9B00DE9042 /* WeatherServiceTests.swift in Sources */ = {isa = PBXBuildFile; fileRef = 72DF9DBE23BC5C9B00DE9042 /* WeatherServiceTests.swift */; };
		72DF9DC123BC66C200DE9042 /* WebServiceError.swift in Sources */ = {isa = PBXBuildFile; fileRef = 72DF9DC023BC66C200DE9042 /* WebServiceError.swift */; };
		72DF9DC423BD3A8500DE9042 /* WeatherStore.swift in Sources */ = {isa = PBXBuildFile; fileRef = 72DF9DC323BD3A8500DE9042 /* WeatherStore.swift */; };
		72DF9DC623BDB12900DE9042 /* WeatherStoreTests.swift in Sources */ = {isa = PBXBuildFile; fileRef = 72DF9DC523BDB12900DE9042 /* WeatherStoreTests.swift */; };
		72DF9DC923BDC76A00DE9042 /* RealmManager.swift in Sources */ = {isa = PBXBuildFile; fileRef = 72DF9DC823BDC76A00DE9042 /* RealmManager.swift */; };
		8AF3EA3D2C8A03231C6FB3C4 /* Pods_WeatherAppTests.framework in Frameworks */ = {isa = PBXBuildFile; fileRef = CDF2D8392E7BC5A2900D623B /* Pods_WeatherAppTests.framework */; };
		B57FA1771D6041FA01854E2C /* Pods_WeatherApp.framework in Frameworks */ = {isa = PBXBuildFile; fileRef = 4EC0037EFA97D6BA25FF374B /* Pods_WeatherApp.framework */; };
/* End PBXBuildFile section */

/* Begin PBXContainerItemProxy section */
		72DF9DA523BB307600DE9042 /* PBXContainerItemProxy */ = {
			isa = PBXContainerItemProxy;
			containerPortal = 72DF9D8623BB307400DE9042 /* Project object */;
			proxyType = 1;
			remoteGlobalIDString = 72DF9D8D23BB307400DE9042;
			remoteInfo = WeatherApp;
		};
/* End PBXContainerItemProxy section */

/* Begin PBXFileReference section */
		4BA182402644F94BF6C845BF /* Pods-WeatherApp.debug.xcconfig */ = {isa = PBXFileReference; includeInIndex = 1; lastKnownFileType = text.xcconfig; name = "Pods-WeatherApp.debug.xcconfig"; path = "Target Support Files/Pods-WeatherApp/Pods-WeatherApp.debug.xcconfig"; sourceTree = "<group>"; };
		4EC0037EFA97D6BA25FF374B /* Pods_WeatherApp.framework */ = {isa = PBXFileReference; explicitFileType = wrapper.framework; includeInIndex = 0; path = Pods_WeatherApp.framework; sourceTree = BUILT_PRODUCTS_DIR; };
		541D8A14D88FC813B33AC68C /* Pods-WeatherAppTests.debug.xcconfig */ = {isa = PBXFileReference; includeInIndex = 1; lastKnownFileType = text.xcconfig; name = "Pods-WeatherAppTests.debug.xcconfig"; path = "Target Support Files/Pods-WeatherAppTests/Pods-WeatherAppTests.debug.xcconfig"; sourceTree = "<group>"; };
		72DF9D8E23BB307400DE9042 /* WeatherApp.app */ = {isa = PBXFileReference; explicitFileType = wrapper.application; includeInIndex = 0; path = WeatherApp.app; sourceTree = BUILT_PRODUCTS_DIR; };
		72DF9D9123BB307400DE9042 /* AppDelegate.swift */ = {isa = PBXFileReference; lastKnownFileType = sourcecode.swift; path = AppDelegate.swift; sourceTree = "<group>"; };
		72DF9D9323BB307400DE9042 /* SceneDelegate.swift */ = {isa = PBXFileReference; lastKnownFileType = sourcecode.swift; path = SceneDelegate.swift; sourceTree = "<group>"; };
		72DF9D9523BB307400DE9042 /* ViewController.swift */ = {isa = PBXFileReference; lastKnownFileType = sourcecode.swift; path = ViewController.swift; sourceTree = "<group>"; };
		72DF9D9823BB307400DE9042 /* Base */ = {isa = PBXFileReference; lastKnownFileType = file.storyboard; name = Base; path = Base.lproj/Main.storyboard; sourceTree = "<group>"; };
		72DF9D9A23BB307500DE9042 /* Assets.xcassets */ = {isa = PBXFileReference; lastKnownFileType = folder.assetcatalog; path = Assets.xcassets; sourceTree = "<group>"; };
		72DF9D9D23BB307500DE9042 /* Base */ = {isa = PBXFileReference; lastKnownFileType = file.storyboard; name = Base; path = Base.lproj/LaunchScreen.storyboard; sourceTree = "<group>"; };
		72DF9D9F23BB307500DE9042 /* Info.plist */ = {isa = PBXFileReference; lastKnownFileType = text.plist.xml; path = Info.plist; sourceTree = "<group>"; };
		72DF9DA423BB307600DE9042 /* WeatherAppTests.xctest */ = {isa = PBXFileReference; explicitFileType = wrapper.cfbundle; includeInIndex = 0; path = WeatherAppTests.xctest; sourceTree = BUILT_PRODUCTS_DIR; };
		72DF9DA823BB307600DE9042 /* WeatherAppTests.swift */ = {isa = PBXFileReference; lastKnownFileType = sourcecode.swift; path = WeatherAppTests.swift; sourceTree = "<group>"; };
		72DF9DAA23BB307600DE9042 /* Info.plist */ = {isa = PBXFileReference; lastKnownFileType = text.plist.xml; path = Info.plist; sourceTree = "<group>"; };
		72DF9DB723BB51CE00DE9042 /* Weather.swift */ = {isa = PBXFileReference; lastKnownFileType = sourcecode.swift; path = Weather.swift; sourceTree = "<group>"; };
		72DF9DBA23BBF90100DE9042 /* WeatherService.swift */ = {isa = PBXFileReference; lastKnownFileType = sourcecode.swift; path = WeatherService.swift; sourceTree = "<group>"; };
		72DF9DBC23BC596C00DE9042 /* WeatherServiceData.swift */ = {isa = PBXFileReference; lastKnownFileType = sourcecode.swift; path = WeatherServiceData.swift; sourceTree = "<group>"; };
		72DF9DBE23BC5C9B00DE9042 /* WeatherServiceTests.swift */ = {isa = PBXFileReference; lastKnownFileType = sourcecode.swift; path = WeatherServiceTests.swift; sourceTree = "<group>"; };
		72DF9DC023BC66C200DE9042 /* WebServiceError.swift */ = {isa = PBXFileReference; lastKnownFileType = sourcecode.swift; path = WebServiceError.swift; sourceTree = "<group>"; };
		72DF9DC323BD3A8500DE9042 /* WeatherStore.swift */ = {isa = PBXFileReference; lastKnownFileType = sourcecode.swift; path = WeatherStore.swift; sourceTree = "<group>"; };
		72DF9DC523BDB12900DE9042 /* WeatherStoreTests.swift */ = {isa = PBXFileReference; lastKnownFileType = sourcecode.swift; path = WeatherStoreTests.swift; sourceTree = "<group>"; };
		72DF9DC823BDC76A00DE9042 /* RealmManager.swift */ = {isa = PBXFileReference; lastKnownFileType = sourcecode.swift; path = RealmManager.swift; sourceTree = "<group>"; };
		C33B9EC88055703C2C306918 /* Pods-WeatherAppTests.release.xcconfig */ = {isa = PBXFileReference; includeInIndex = 1; lastKnownFileType = text.xcconfig; name = "Pods-WeatherAppTests.release.xcconfig"; path = "Target Support Files/Pods-WeatherAppTests/Pods-WeatherAppTests.release.xcconfig"; sourceTree = "<group>"; };
		C50291950C7BBBA17DE6399A /* Pods-WeatherApp.release.xcconfig */ = {isa = PBXFileReference; includeInIndex = 1; lastKnownFileType = text.xcconfig; name = "Pods-WeatherApp.release.xcconfig"; path = "Target Support Files/Pods-WeatherApp/Pods-WeatherApp.release.xcconfig"; sourceTree = "<group>"; };
		CDF2D8392E7BC5A2900D623B /* Pods_WeatherAppTests.framework */ = {isa = PBXFileReference; explicitFileType = wrapper.framework; includeInIndex = 0; path = Pods_WeatherAppTests.framework; sourceTree = BUILT_PRODUCTS_DIR; };
/* End PBXFileReference section */

/* Begin PBXFrameworksBuildPhase section */
		72DF9D8B23BB307400DE9042 /* Frameworks */ = {
			isa = PBXFrameworksBuildPhase;
			buildActionMask = 2147483647;
			files = (
				B57FA1771D6041FA01854E2C /* Pods_WeatherApp.framework in Frameworks */,
			);
			runOnlyForDeploymentPostprocessing = 0;
		};
		72DF9DA123BB307600DE9042 /* Frameworks */ = {
			isa = PBXFrameworksBuildPhase;
			buildActionMask = 2147483647;
			files = (
				8AF3EA3D2C8A03231C6FB3C4 /* Pods_WeatherAppTests.framework in Frameworks */,
			);
			runOnlyForDeploymentPostprocessing = 0;
		};
/* End PBXFrameworksBuildPhase section */

/* Begin PBXGroup section */
		33061859F98A5D6E0B7BCF99 /* Pods */ = {
			isa = PBXGroup;
			children = (
				4BA182402644F94BF6C845BF /* Pods-WeatherApp.debug.xcconfig */,
				C50291950C7BBBA17DE6399A /* Pods-WeatherApp.release.xcconfig */,
				541D8A14D88FC813B33AC68C /* Pods-WeatherAppTests.debug.xcconfig */,
				C33B9EC88055703C2C306918 /* Pods-WeatherAppTests.release.xcconfig */,
			);
			path = Pods;
			sourceTree = "<group>";
		};
		72DF9D8523BB307400DE9042 = {
			isa = PBXGroup;
			children = (
				72DF9D9023BB307400DE9042 /* WeatherApp */,
				72DF9DA723BB307600DE9042 /* WeatherAppTests */,
				72DF9D8F23BB307400DE9042 /* Products */,
				33061859F98A5D6E0B7BCF99 /* Pods */,
				F756693D6E8433CC33F0E0EB /* Frameworks */,
			);
			sourceTree = "<group>";
		};
		72DF9D8F23BB307400DE9042 /* Products */ = {
			isa = PBXGroup;
			children = (
				72DF9D8E23BB307400DE9042 /* WeatherApp.app */,
				72DF9DA423BB307600DE9042 /* WeatherAppTests.xctest */,
			);
			name = Products;
			sourceTree = "<group>";
		};
		72DF9D9023BB307400DE9042 /* WeatherApp */ = {
			isa = PBXGroup;
			children = (
				72DF9DC723BDC74E00DE9042 /* Managers */,
				72DF9DC223BD3A6200DE9042 /* Stores */,
				72DF9DB923BBF8E200DE9042 /* WebServices */,
				72DF9DB423BB50BB00DE9042 /* Models */,
				72DF9D9123BB307400DE9042 /* AppDelegate.swift */,
				72DF9D9323BB307400DE9042 /* SceneDelegate.swift */,
				72DF9D9523BB307400DE9042 /* ViewController.swift */,
				72DF9D9723BB307400DE9042 /* Main.storyboard */,
				72DF9D9A23BB307500DE9042 /* Assets.xcassets */,
				72DF9D9C23BB307500DE9042 /* LaunchScreen.storyboard */,
				72DF9D9F23BB307500DE9042 /* Info.plist */,
			);
			path = WeatherApp;
			sourceTree = "<group>";
		};
		72DF9DA723BB307600DE9042 /* WeatherAppTests */ = {
			isa = PBXGroup;
			children = (
				72DF9DA823BB307600DE9042 /* WeatherAppTests.swift */,
				72DF9DAA23BB307600DE9042 /* Info.plist */,
				72DF9DBE23BC5C9B00DE9042 /* WeatherServiceTests.swift */,
				72DF9DC523BDB12900DE9042 /* WeatherStoreTests.swift */,
			);
			path = WeatherAppTests;
			sourceTree = "<group>";
		};
		72DF9DB423BB50BB00DE9042 /* Models */ = {
			isa = PBXGroup;
			children = (
				72DF9DB723BB51CE00DE9042 /* Weather.swift */,
			);
			path = Models;
			sourceTree = "<group>";
		};
		72DF9DB923BBF8E200DE9042 /* WebServices */ = {
			isa = PBXGroup;
			children = (
				72DF9DBA23BBF90100DE9042 /* WeatherService.swift */,
				72DF9DBC23BC596C00DE9042 /* WeatherServiceData.swift */,
				72DF9DC023BC66C200DE9042 /* WebServiceError.swift */,
			);
			path = WebServices;
			sourceTree = "<group>";
		};
		72DF9DC223BD3A6200DE9042 /* Stores */ = {
			isa = PBXGroup;
			children = (
				72DF9DC323BD3A8500DE9042 /* WeatherStore.swift */,
			);
			path = Stores;
			sourceTree = "<group>";
		};
		72DF9DC723BDC74E00DE9042 /* Managers */ = {
			isa = PBXGroup;
			children = (
				72DF9DC823BDC76A00DE9042 /* RealmManager.swift */,
			);
			path = Managers;
			sourceTree = "<group>";
		};
		F756693D6E8433CC33F0E0EB /* Frameworks */ = {
			isa = PBXGroup;
			children = (
				4EC0037EFA97D6BA25FF374B /* Pods_WeatherApp.framework */,
				CDF2D8392E7BC5A2900D623B /* Pods_WeatherAppTests.framework */,
			);
			name = Frameworks;
			sourceTree = "<group>";
		};
/* End PBXGroup section */

/* Begin PBXNativeTarget section */
		72DF9D8D23BB307400DE9042 /* WeatherApp */ = {
			isa = PBXNativeTarget;
			buildConfigurationList = 72DF9DAD23BB307600DE9042 /* Build configuration list for PBXNativeTarget "WeatherApp" */;
			buildPhases = (
				E479006E7C7AAB46F4ED729F /* [CP] Check Pods Manifest.lock */,
				72DF9D8A23BB307400DE9042 /* Sources */,
				72DF9D8B23BB307400DE9042 /* Frameworks */,
				72DF9D8C23BB307400DE9042 /* Resources */,
				C1C9A77017BA213F24D7FC5C /* [CP] Embed Pods Frameworks */,
			);
			buildRules = (
			);
			dependencies = (
			);
			name = WeatherApp;
			productName = WeatherApp;
			productReference = 72DF9D8E23BB307400DE9042 /* WeatherApp.app */;
			productType = "com.apple.product-type.application";
		};
		72DF9DA323BB307600DE9042 /* WeatherAppTests */ = {
			isa = PBXNativeTarget;
			buildConfigurationList = 72DF9DB023BB307600DE9042 /* Build configuration list for PBXNativeTarget "WeatherAppTests" */;
			buildPhases = (
				D3587578335A7254CCC2C3B6 /* [CP] Check Pods Manifest.lock */,
				72DF9DA023BB307600DE9042 /* Sources */,
				72DF9DA123BB307600DE9042 /* Frameworks */,
				72DF9DA223BB307600DE9042 /* Resources */,
				FB0A09CA3F40AE678BB481ED /* [CP] Embed Pods Frameworks */,
			);
			buildRules = (
			);
			dependencies = (
				72DF9DA623BB307600DE9042 /* PBXTargetDependency */,
			);
			name = WeatherAppTests;
			productName = WeatherAppTests;
			productReference = 72DF9DA423BB307600DE9042 /* WeatherAppTests.xctest */;
			productType = "com.apple.product-type.bundle.unit-test";
		};
/* End PBXNativeTarget section */

/* Begin PBXProject section */
		72DF9D8623BB307400DE9042 /* Project object */ = {
			isa = PBXProject;
			attributes = {
				LastSwiftUpdateCheck = 1120;
				LastUpgradeCheck = 1120;
				ORGANIZATIONNAME = "Liyu Wang";
				TargetAttributes = {
					72DF9D8D23BB307400DE9042 = {
						CreatedOnToolsVersion = 11.2.1;
					};
					72DF9DA323BB307600DE9042 = {
						CreatedOnToolsVersion = 11.2.1;
						TestTargetID = 72DF9D8D23BB307400DE9042;
					};
				};
			};
			buildConfigurationList = 72DF9D8923BB307400DE9042 /* Build configuration list for PBXProject "WeatherApp" */;
			compatibilityVersion = "Xcode 9.3";
			developmentRegion = en;
			hasScannedForEncodings = 0;
			knownRegions = (
				en,
				Base,
			);
			mainGroup = 72DF9D8523BB307400DE9042;
			productRefGroup = 72DF9D8F23BB307400DE9042 /* Products */;
			projectDirPath = "";
			projectRoot = "";
			targets = (
				72DF9D8D23BB307400DE9042 /* WeatherApp */,
				72DF9DA323BB307600DE9042 /* WeatherAppTests */,
			);
		};
/* End PBXProject section */

/* Begin PBXResourcesBuildPhase section */
		72DF9D8C23BB307400DE9042 /* Resources */ = {
			isa = PBXResourcesBuildPhase;
			buildActionMask = 2147483647;
			files = (
				72DF9D9E23BB307500DE9042 /* LaunchScreen.storyboard in Resources */,
				72DF9D9B23BB307500DE9042 /* Assets.xcassets in Resources */,
				72DF9D9923BB307400DE9042 /* Main.storyboard in Resources */,
			);
			runOnlyForDeploymentPostprocessing = 0;
		};
		72DF9DA223BB307600DE9042 /* Resources */ = {
			isa = PBXResourcesBuildPhase;
			buildActionMask = 2147483647;
			files = (
			);
			runOnlyForDeploymentPostprocessing = 0;
		};
/* End PBXResourcesBuildPhase section */

/* Begin PBXShellScriptBuildPhase section */
		C1C9A77017BA213F24D7FC5C /* [CP] Embed Pods Frameworks */ = {
			isa = PBXShellScriptBuildPhase;
			buildActionMask = 2147483647;
			files = (
			);
			inputFileListPaths = (
				"${PODS_ROOT}/Target Support Files/Pods-WeatherApp/Pods-WeatherApp-frameworks-${CONFIGURATION}-input-files.xcfilelist",
			);
			name = "[CP] Embed Pods Frameworks";
			outputFileListPaths = (
				"${PODS_ROOT}/Target Support Files/Pods-WeatherApp/Pods-WeatherApp-frameworks-${CONFIGURATION}-output-files.xcfilelist",
			);
			runOnlyForDeploymentPostprocessing = 0;
			shellPath = /bin/sh;
			shellScript = "\"${PODS_ROOT}/Target Support Files/Pods-WeatherApp/Pods-WeatherApp-frameworks.sh\"\n";
			showEnvVarsInLog = 0;
		};
		D3587578335A7254CCC2C3B6 /* [CP] Check Pods Manifest.lock */ = {
			isa = PBXShellScriptBuildPhase;
			buildActionMask = 2147483647;
			files = (
			);
			inputFileListPaths = (
			);
			inputPaths = (
				"${PODS_PODFILE_DIR_PATH}/Podfile.lock",
				"${PODS_ROOT}/Manifest.lock",
			);
			name = "[CP] Check Pods Manifest.lock";
			outputFileListPaths = (
			);
			outputPaths = (
				"$(DERIVED_FILE_DIR)/Pods-WeatherAppTests-checkManifestLockResult.txt",
			);
			runOnlyForDeploymentPostprocessing = 0;
			shellPath = /bin/sh;
			shellScript = "diff \"${PODS_PODFILE_DIR_PATH}/Podfile.lock\" \"${PODS_ROOT}/Manifest.lock\" > /dev/null\nif [ $? != 0 ] ; then\n    # print error to STDERR\n    echo \"error: The sandbox is not in sync with the Podfile.lock. Run 'pod install' or update your CocoaPods installation.\" >&2\n    exit 1\nfi\n# This output is used by Xcode 'outputs' to avoid re-running this script phase.\necho \"SUCCESS\" > \"${SCRIPT_OUTPUT_FILE_0}\"\n";
			showEnvVarsInLog = 0;
		};
		E479006E7C7AAB46F4ED729F /* [CP] Check Pods Manifest.lock */ = {
			isa = PBXShellScriptBuildPhase;
			buildActionMask = 2147483647;
			files = (
			);
			inputFileListPaths = (
			);
			inputPaths = (
				"${PODS_PODFILE_DIR_PATH}/Podfile.lock",
				"${PODS_ROOT}/Manifest.lock",
			);
			name = "[CP] Check Pods Manifest.lock";
			outputFileListPaths = (
			);
			outputPaths = (
				"$(DERIVED_FILE_DIR)/Pods-WeatherApp-checkManifestLockResult.txt",
			);
			runOnlyForDeploymentPostprocessing = 0;
			shellPath = /bin/sh;
			shellScript = "diff \"${PODS_PODFILE_DIR_PATH}/Podfile.lock\" \"${PODS_ROOT}/Manifest.lock\" > /dev/null\nif [ $? != 0 ] ; then\n    # print error to STDERR\n    echo \"error: The sandbox is not in sync with the Podfile.lock. Run 'pod install' or update your CocoaPods installation.\" >&2\n    exit 1\nfi\n# This output is used by Xcode 'outputs' to avoid re-running this script phase.\necho \"SUCCESS\" > \"${SCRIPT_OUTPUT_FILE_0}\"\n";
			showEnvVarsInLog = 0;
		};
		FB0A09CA3F40AE678BB481ED /* [CP] Embed Pods Frameworks */ = {
			isa = PBXShellScriptBuildPhase;
			buildActionMask = 2147483647;
			files = (
			);
			inputFileListPaths = (
				"${PODS_ROOT}/Target Support Files/Pods-WeatherAppTests/Pods-WeatherAppTests-frameworks-${CONFIGURATION}-input-files.xcfilelist",
			);
			name = "[CP] Embed Pods Frameworks";
			outputFileListPaths = (
				"${PODS_ROOT}/Target Support Files/Pods-WeatherAppTests/Pods-WeatherAppTests-frameworks-${CONFIGURATION}-output-files.xcfilelist",
			);
			runOnlyForDeploymentPostprocessing = 0;
			shellPath = /bin/sh;
			shellScript = "\"${PODS_ROOT}/Target Support Files/Pods-WeatherAppTests/Pods-WeatherAppTests-frameworks.sh\"\n";
			showEnvVarsInLog = 0;
		};
/* End PBXShellScriptBuildPhase section */

/* Begin PBXSourcesBuildPhase section */
		72DF9D8A23BB307400DE9042 /* Sources */ = {
			isa = PBXSourcesBuildPhase;
			buildActionMask = 2147483647;
			files = (
				72DF9DB823BB51CE00DE9042 /* Weather.swift in Sources */,
				72DF9D9623BB307400DE9042 /* ViewController.swift in Sources */,
				72DF9DC423BD3A8500DE9042 /* WeatherStore.swift in Sources */,
				72DF9DBB23BBF90100DE9042 /* WeatherService.swift in Sources */,
				72DF9D9223BB307400DE9042 /* AppDelegate.swift in Sources */,
				72DF9DC923BDC76A00DE9042 /* RealmManager.swift in Sources */,
				72DF9DBD23BC596C00DE9042 /* WeatherServiceData.swift in Sources */,
				72DF9D9423BB307400DE9042 /* SceneDelegate.swift in Sources */,
				72DF9DC123BC66C200DE9042 /* WebServiceError.swift in Sources */,
			);
			runOnlyForDeploymentPostprocessing = 0;
		};
		72DF9DA023BB307600DE9042 /* Sources */ = {
			isa = PBXSourcesBuildPhase;
			buildActionMask = 2147483647;
			files = (
				72DF9DBF23BC5C9B00DE9042 /* WeatherServiceTests.swift in Sources */,
				72DF9DA923BB307600DE9042 /* WeatherAppTests.swift in Sources */,
				72DF9DC623BDB12900DE9042 /* WeatherStoreTests.swift in Sources */,
			);
			runOnlyForDeploymentPostprocessing = 0;
		};
/* End PBXSourcesBuildPhase section */

/* Begin PBXTargetDependency section */
		72DF9DA623BB307600DE9042 /* PBXTargetDependency */ = {
			isa = PBXTargetDependency;
			target = 72DF9D8D23BB307400DE9042 /* WeatherApp */;
			targetProxy = 72DF9DA523BB307600DE9042 /* PBXContainerItemProxy */;
		};
/* End PBXTargetDependency section */

/* Begin PBXVariantGroup section */
		72DF9D9723BB307400DE9042 /* Main.storyboard */ = {
			isa = PBXVariantGroup;
			children = (
				72DF9D9823BB307400DE9042 /* Base */,
			);
			name = Main.storyboard;
			sourceTree = "<group>";
		};
		72DF9D9C23BB307500DE9042 /* LaunchScreen.storyboard */ = {
			isa = PBXVariantGroup;
			children = (
				72DF9D9D23BB307500DE9042 /* Base */,
			);
			name = LaunchScreen.storyboard;
			sourceTree = "<group>";
		};
/* End PBXVariantGroup section */

/* Begin XCBuildConfiguration section */
		72DF9DAB23BB307600DE9042 /* Debug */ = {
			isa = XCBuildConfiguration;
			buildSettings = {
				ALWAYS_SEARCH_USER_PATHS = NO;
				CLANG_ANALYZER_NONNULL = YES;
				CLANG_ANALYZER_NUMBER_OBJECT_CONVERSION = YES_AGGRESSIVE;
				CLANG_CXX_LANGUAGE_STANDARD = "gnu++14";
				CLANG_CXX_LIBRARY = "libc++";
				CLANG_ENABLE_MODULES = YES;
				CLANG_ENABLE_OBJC_ARC = YES;
				CLANG_ENABLE_OBJC_WEAK = YES;
				CLANG_WARN_BLOCK_CAPTURE_AUTORELEASING = YES;
				CLANG_WARN_BOOL_CONVERSION = YES;
				CLANG_WARN_COMMA = YES;
				CLANG_WARN_CONSTANT_CONVERSION = YES;
				CLANG_WARN_DEPRECATED_OBJC_IMPLEMENTATIONS = YES;
				CLANG_WARN_DIRECT_OBJC_ISA_USAGE = YES_ERROR;
				CLANG_WARN_DOCUMENTATION_COMMENTS = YES;
				CLANG_WARN_EMPTY_BODY = YES;
				CLANG_WARN_ENUM_CONVERSION = YES;
				CLANG_WARN_INFINITE_RECURSION = YES;
				CLANG_WARN_INT_CONVERSION = YES;
				CLANG_WARN_NON_LITERAL_NULL_CONVERSION = YES;
				CLANG_WARN_OBJC_IMPLICIT_RETAIN_SELF = YES;
				CLANG_WARN_OBJC_LITERAL_CONVERSION = YES;
				CLANG_WARN_OBJC_ROOT_CLASS = YES_ERROR;
				CLANG_WARN_RANGE_LOOP_ANALYSIS = YES;
				CLANG_WARN_STRICT_PROTOTYPES = YES;
				CLANG_WARN_SUSPICIOUS_MOVE = YES;
				CLANG_WARN_UNGUARDED_AVAILABILITY = YES_AGGRESSIVE;
				CLANG_WARN_UNREACHABLE_CODE = YES;
				CLANG_WARN__DUPLICATE_METHOD_MATCH = YES;
				COPY_PHASE_STRIP = NO;
				DEBUG_INFORMATION_FORMAT = dwarf;
				ENABLE_STRICT_OBJC_MSGSEND = YES;
				ENABLE_TESTABILITY = YES;
				GCC_C_LANGUAGE_STANDARD = gnu11;
				GCC_DYNAMIC_NO_PIC = NO;
				GCC_NO_COMMON_BLOCKS = YES;
				GCC_OPTIMIZATION_LEVEL = 0;
				GCC_PREPROCESSOR_DEFINITIONS = (
					"DEBUG=1",
					"$(inherited)",
				);
				GCC_WARN_64_TO_32_BIT_CONVERSION = YES;
				GCC_WARN_ABOUT_RETURN_TYPE = YES_ERROR;
				GCC_WARN_UNDECLARED_SELECTOR = YES;
				GCC_WARN_UNINITIALIZED_AUTOS = YES_AGGRESSIVE;
				GCC_WARN_UNUSED_FUNCTION = YES;
				GCC_WARN_UNUSED_VARIABLE = YES;
				IPHONEOS_DEPLOYMENT_TARGET = 13.2;
				MTL_ENABLE_DEBUG_INFO = INCLUDE_SOURCE;
				MTL_FAST_MATH = YES;
				ONLY_ACTIVE_ARCH = YES;
				SDKROOT = iphoneos;
				SWIFT_ACTIVE_COMPILATION_CONDITIONS = DEBUG;
				SWIFT_OPTIMIZATION_LEVEL = "-Onone";
			};
			name = Debug;
		};
		72DF9DAC23BB307600DE9042 /* Release */ = {
			isa = XCBuildConfiguration;
			buildSettings = {
				ALWAYS_SEARCH_USER_PATHS = NO;
				CLANG_ANALYZER_NONNULL = YES;
				CLANG_ANALYZER_NUMBER_OBJECT_CONVERSION = YES_AGGRESSIVE;
				CLANG_CXX_LANGUAGE_STANDARD = "gnu++14";
				CLANG_CXX_LIBRARY = "libc++";
				CLANG_ENABLE_MODULES = YES;
				CLANG_ENABLE_OBJC_ARC = YES;
				CLANG_ENABLE_OBJC_WEAK = YES;
				CLANG_WARN_BLOCK_CAPTURE_AUTORELEASING = YES;
				CLANG_WARN_BOOL_CONVERSION = YES;
				CLANG_WARN_COMMA = YES;
				CLANG_WARN_CONSTANT_CONVERSION = YES;
				CLANG_WARN_DEPRECATED_OBJC_IMPLEMENTATIONS = YES;
				CLANG_WARN_DIRECT_OBJC_ISA_USAGE = YES_ERROR;
				CLANG_WARN_DOCUMENTATION_COMMENTS = YES;
				CLANG_WARN_EMPTY_BODY = YES;
				CLANG_WARN_ENUM_CONVERSION = YES;
				CLANG_WARN_INFINITE_RECURSION = YES;
				CLANG_WARN_INT_CONVERSION = YES;
				CLANG_WARN_NON_LITERAL_NULL_CONVERSION = YES;
				CLANG_WARN_OBJC_IMPLICIT_RETAIN_SELF = YES;
				CLANG_WARN_OBJC_LITERAL_CONVERSION = YES;
				CLANG_WARN_OBJC_ROOT_CLASS = YES_ERROR;
				CLANG_WARN_RANGE_LOOP_ANALYSIS = YES;
				CLANG_WARN_STRICT_PROTOTYPES = YES;
				CLANG_WARN_SUSPICIOUS_MOVE = YES;
				CLANG_WARN_UNGUARDED_AVAILABILITY = YES_AGGRESSIVE;
				CLANG_WARN_UNREACHABLE_CODE = YES;
				CLANG_WARN__DUPLICATE_METHOD_MATCH = YES;
				COPY_PHASE_STRIP = NO;
				DEBUG_INFORMATION_FORMAT = "dwarf-with-dsym";
				ENABLE_NS_ASSERTIONS = NO;
				ENABLE_STRICT_OBJC_MSGSEND = YES;
				GCC_C_LANGUAGE_STANDARD = gnu11;
				GCC_NO_COMMON_BLOCKS = YES;
				GCC_WARN_64_TO_32_BIT_CONVERSION = YES;
				GCC_WARN_ABOUT_RETURN_TYPE = YES_ERROR;
				GCC_WARN_UNDECLARED_SELECTOR = YES;
				GCC_WARN_UNINITIALIZED_AUTOS = YES_AGGRESSIVE;
				GCC_WARN_UNUSED_FUNCTION = YES;
				GCC_WARN_UNUSED_VARIABLE = YES;
				IPHONEOS_DEPLOYMENT_TARGET = 13.2;
				MTL_ENABLE_DEBUG_INFO = NO;
				MTL_FAST_MATH = YES;
				SDKROOT = iphoneos;
				SWIFT_COMPILATION_MODE = wholemodule;
				SWIFT_OPTIMIZATION_LEVEL = "-O";
				VALIDATE_PRODUCT = YES;
			};
			name = Release;
		};
		72DF9DAE23BB307600DE9042 /* Debug */ = {
			isa = XCBuildConfiguration;
			baseConfigurationReference = 4BA182402644F94BF6C845BF /* Pods-WeatherApp.debug.xcconfig */;
			buildSettings = {
				ASSETCATALOG_COMPILER_APPICON_NAME = AppIcon;
				CODE_SIGN_STYLE = Automatic;
				DEVELOPMENT_TEAM = 3B59G9QQ28;
				INFOPLIST_FILE = WeatherApp/Info.plist;
				LD_RUNPATH_SEARCH_PATHS = (
					"$(inherited)",
					"@executable_path/Frameworks",
				);
				PRODUCT_BUNDLE_IDENTIFIER = com.fantasy.WeatherApp;
				PRODUCT_NAME = "$(TARGET_NAME)";
				SWIFT_VERSION = 5.0;
				TARGETED_DEVICE_FAMILY = "1,2";
			};
			name = Debug;
		};
		72DF9DAF23BB307600DE9042 /* Release */ = {
			isa = XCBuildConfiguration;
			baseConfigurationReference = C50291950C7BBBA17DE6399A /* Pods-WeatherApp.release.xcconfig */;
			buildSettings = {
				ASSETCATALOG_COMPILER_APPICON_NAME = AppIcon;
				CODE_SIGN_STYLE = Automatic;
				DEVELOPMENT_TEAM = 3B59G9QQ28;
				INFOPLIST_FILE = WeatherApp/Info.plist;
				LD_RUNPATH_SEARCH_PATHS = (
					"$(inherited)",
					"@executable_path/Frameworks",
				);
				PRODUCT_BUNDLE_IDENTIFIER = com.fantasy.WeatherApp;
				PRODUCT_NAME = "$(TARGET_NAME)";
				SWIFT_VERSION = 5.0;
				TARGETED_DEVICE_FAMILY = "1,2";
			};
			name = Release;
		};
		72DF9DB123BB307600DE9042 /* Debug */ = {
			isa = XCBuildConfiguration;
			baseConfigurationReference = 541D8A14D88FC813B33AC68C /* Pods-WeatherAppTests.debug.xcconfig */;
			buildSettings = {
				ALWAYS_EMBED_SWIFT_STANDARD_LIBRARIES = "$(inherited)";
				BUNDLE_LOADER = "$(TEST_HOST)";
				CODE_SIGN_STYLE = Automatic;
				DEVELOPMENT_TEAM = 3B59G9QQ28;
				INFOPLIST_FILE = WeatherAppTests/Info.plist;
				IPHONEOS_DEPLOYMENT_TARGET = 13.2;
				LD_RUNPATH_SEARCH_PATHS = (
					"$(inherited)",
					"@executable_path/Frameworks",
					"@loader_path/Frameworks",
				);
				PRODUCT_BUNDLE_IDENTIFIER = com.fantasy.WeatherAppTests;
				PRODUCT_NAME = "$(TARGET_NAME)";
				SWIFT_VERSION = 5.0;
				TARGETED_DEVICE_FAMILY = "1,2";
				TEST_HOST = "$(BUILT_PRODUCTS_DIR)/WeatherApp.app/WeatherApp";
			};
			name = Debug;
		};
		72DF9DB223BB307600DE9042 /* Release */ = {
			isa = XCBuildConfiguration;
			baseConfigurationReference = C33B9EC88055703C2C306918 /* Pods-WeatherAppTests.release.xcconfig */;
			buildSettings = {
				ALWAYS_EMBED_SWIFT_STANDARD_LIBRARIES = "$(inherited)";
				BUNDLE_LOADER = "$(TEST_HOST)";
				CODE_SIGN_STYLE = Automatic;
				DEVELOPMENT_TEAM = 3B59G9QQ28;
				INFOPLIST_FILE = WeatherAppTests/Info.plist;
				IPHONEOS_DEPLOYMENT_TARGET = 13.2;
				LD_RUNPATH_SEARCH_PATHS = (
					"$(inherited)",
					"@executable_path/Frameworks",
					"@loader_path/Frameworks",
				);
				PRODUCT_BUNDLE_IDENTIFIER = com.fantasy.WeatherAppTests;
				PRODUCT_NAME = "$(TARGET_NAME)";
				SWIFT_VERSION = 5.0;
				TARGETED_DEVICE_FAMILY = "1,2";
				TEST_HOST = "$(BUILT_PRODUCTS_DIR)/WeatherApp.app/WeatherApp";
			};
			name = Release;
		};
/* End XCBuildConfiguration section */

/* Begin XCConfigurationList section */
		72DF9D8923BB307400DE9042 /* Build configuration list for PBXProject "WeatherApp" */ = {
			isa = XCConfigurationList;
			buildConfigurations = (
				72DF9DAB23BB307600DE9042 /* Debug */,
				72DF9DAC23BB307600DE9042 /* Release */,
			);
			defaultConfigurationIsVisible = 0;
			defaultConfigurationName = Release;
		};
		72DF9DAD23BB307600DE9042 /* Build configuration list for PBXNativeTarget "WeatherApp" */ = {
			isa = XCConfigurationList;
			buildConfigurations = (
				72DF9DAE23BB307600DE9042 /* Debug */,
				72DF9DAF23BB307600DE9042 /* Release */,
			);
			defaultConfigurationIsVisible = 0;
			defaultConfigurationName = Release;
		};
		72DF9DB023BB307600DE9042 /* Build configuration list for PBXNativeTarget "WeatherAppTests" */ = {
			isa = XCConfigurationList;
			buildConfigurations = (
				72DF9DB123BB307600DE9042 /* Debug */,
				72DF9DB223BB307600DE9042 /* Release */,
			);
			defaultConfigurationIsVisible = 0;
			defaultConfigurationName = Release;
		};
/* End XCConfigurationList section */
	};
	rootObject = 72DF9D8623BB307400DE9042 /* Project object */;
}
